// !$*UTF8*$!
{
	archiveVersion = 1;
	classes = {
	};
	objectVersion = 50;
	objects = {

/* Begin PBXBuildFile section */
		E920F16A24361F3500F27BA3 /* Feeling.swift in Sources */ = {isa = PBXBuildFile; fileRef = E920F16924361F3500F27BA3 /* Feeling.swift */; };
		E920F16C24361F5B00F27BA3 /* Weather.swift in Sources */ = {isa = PBXBuildFile; fileRef = E920F16B24361F5B00F27BA3 /* Weather.swift */; };
		E920F16E2436200200F27BA3 /* Work.swift in Sources */ = {isa = PBXBuildFile; fileRef = E920F16D2436200200F27BA3 /* Work.swift */; };
		E920F170243648A900F27BA3 /* SurveyViewModel.swift in Sources */ = {isa = PBXBuildFile; fileRef = E920F16F243648A900F27BA3 /* SurveyViewModel.swift */; };
		E920F1752436544000F27BA3 /* UtilsExtensions.swift in Sources */ = {isa = PBXBuildFile; fileRef = E920F1742436544000F27BA3 /* UtilsExtensions.swift */; };
		E97AE2C424371EA900318C2B /* Model.xcdatamodeld in Sources */ = {isa = PBXBuildFile; fileRef = E97AE2C224371EA900318C2B /* Model.xcdatamodeld */; };
		E97AE2C72437230600318C2B /* Survey.swift in Sources */ = {isa = PBXBuildFile; fileRef = E97AE2C52437230600318C2B /* Survey.swift */; };
		E97AE2CA24372AE200318C2B /* TabBarHomeView.swift in Sources */ = {isa = PBXBuildFile; fileRef = E97AE2C924372AE200318C2B /* TabBarHomeView.swift */; };
		E97AE2CC24372C4100318C2B /* HistoryView.swift in Sources */ = {isa = PBXBuildFile; fileRef = E97AE2CB24372C4100318C2B /* HistoryView.swift */; };
		E9CC6C8924360FD300A85495 /* AppDelegate.swift in Sources */ = {isa = PBXBuildFile; fileRef = E9CC6C8824360FD300A85495 /* AppDelegate.swift */; };
		E9CC6C8B24360FD300A85495 /* SceneDelegate.swift in Sources */ = {isa = PBXBuildFile; fileRef = E9CC6C8A24360FD300A85495 /* SceneDelegate.swift */; };
		E9CC6C8F24360FD300A85495 /* Assets.xcassets in Resources */ = {isa = PBXBuildFile; fileRef = E9CC6C8E24360FD300A85495 /* Assets.xcassets */; };
		E9CC6C9224360FD300A85495 /* Preview Assets.xcassets in Resources */ = {isa = PBXBuildFile; fileRef = E9CC6C9124360FD300A85495 /* Preview Assets.xcassets */; };
		E9CC6C9524360FD300A85495 /* LaunchScreen.storyboard in Resources */ = {isa = PBXBuildFile; fileRef = E9CC6C9324360FD300A85495 /* LaunchScreen.storyboard */; };
		E9CC6CA12436113800A85495 /* SurveyView.swift in Sources */ = {isa = PBXBuildFile; fileRef = E9CC6CA02436113800A85495 /* SurveyView.swift */; };
/* End PBXBuildFile section */

/* Begin PBXFileReference section */
		E920F16924361F3500F27BA3 /* Feeling.swift */ = {isa = PBXFileReference; lastKnownFileType = sourcecode.swift; path = Feeling.swift; sourceTree = "<group>"; };
		E920F16B24361F5B00F27BA3 /* Weather.swift */ = {isa = PBXFileReference; lastKnownFileType = sourcecode.swift; path = Weather.swift; sourceTree = "<group>"; };
		E920F16D2436200200F27BA3 /* Work.swift */ = {isa = PBXFileReference; lastKnownFileType = sourcecode.swift; path = Work.swift; sourceTree = "<group>"; };
		E920F16F243648A900F27BA3 /* SurveyViewModel.swift */ = {isa = PBXFileReference; lastKnownFileType = sourcecode.swift; path = SurveyViewModel.swift; sourceTree = "<group>"; };
		E920F1742436544000F27BA3 /* UtilsExtensions.swift */ = {isa = PBXFileReference; lastKnownFileType = sourcecode.swift; path = UtilsExtensions.swift; sourceTree = "<group>"; };
		E97AE2C324371EA900318C2B /* Model.xcdatamodel */ = {isa = PBXFileReference; lastKnownFileType = wrapper.xcdatamodel; path = Model.xcdatamodel; sourceTree = "<group>"; };
		E97AE2C52437230600318C2B /* Survey.swift */ = {isa = PBXFileReference; fileEncoding = 4; lastKnownFileType = sourcecode.swift; path = Survey.swift; sourceTree = "<group>"; };
		E97AE2C924372AE200318C2B /* TabBarHomeView.swift */ = {isa = PBXFileReference; lastKnownFileType = sourcecode.swift; path = TabBarHomeView.swift; sourceTree = "<group>"; };
		E97AE2CB24372C4100318C2B /* HistoryView.swift */ = {isa = PBXFileReference; lastKnownFileType = sourcecode.swift; path = HistoryView.swift; sourceTree = "<group>"; };
		E9CC6C8524360FD200A85495 /* eupraxia.app */ = {isa = PBXFileReference; explicitFileType = wrapper.application; includeInIndex = 0; path = eupraxia.app; sourceTree = BUILT_PRODUCTS_DIR; };
		E9CC6C8824360FD300A85495 /* AppDelegate.swift */ = {isa = PBXFileReference; lastKnownFileType = sourcecode.swift; path = AppDelegate.swift; sourceTree = "<group>"; };
		E9CC6C8A24360FD300A85495 /* SceneDelegate.swift */ = {isa = PBXFileReference; lastKnownFileType = sourcecode.swift; path = SceneDelegate.swift; sourceTree = "<group>"; };
		E9CC6C8E24360FD300A85495 /* Assets.xcassets */ = {isa = PBXFileReference; lastKnownFileType = folder.assetcatalog; path = Assets.xcassets; sourceTree = "<group>"; };
		E9CC6C9124360FD300A85495 /* Preview Assets.xcassets */ = {isa = PBXFileReference; lastKnownFileType = folder.assetcatalog; path = "Preview Assets.xcassets"; sourceTree = "<group>"; };
		E9CC6C9424360FD300A85495 /* Base */ = {isa = PBXFileReference; lastKnownFileType = file.storyboard; name = Base; path = Base.lproj/LaunchScreen.storyboard; sourceTree = "<group>"; };
		E9CC6C9624360FD300A85495 /* Info.plist */ = {isa = PBXFileReference; lastKnownFileType = text.plist.xml; path = Info.plist; sourceTree = "<group>"; };
		E9CC6CA02436113800A85495 /* SurveyView.swift */ = {isa = PBXFileReference; lastKnownFileType = sourcecode.swift; path = SurveyView.swift; sourceTree = "<group>"; };
/* End PBXFileReference section */

/* Begin PBXFrameworksBuildPhase section */
		E9CC6C8224360FD200A85495 /* Frameworks */ = {
			isa = PBXFrameworksBuildPhase;
			buildActionMask = 2147483647;
			files = (
			);
			runOnlyForDeploymentPostprocessing = 0;
		};
/* End PBXFrameworksBuildPhase section */

/* Begin PBXGroup section */
		E920F173243653F800F27BA3 /* utils */ = {
			isa = PBXGroup;
			children = (
				E920F1742436544000F27BA3 /* UtilsExtensions.swift */,
			);
			path = utils;
			sourceTree = "<group>";
		};
		E9CC6C7C24360FD200A85495 = {
			isa = PBXGroup;
			children = (
				E9CC6C8724360FD200A85495 /* eupraxia */,
				E9CC6C8624360FD200A85495 /* Products */,
			);
			sourceTree = "<group>";
		};
		E9CC6C8624360FD200A85495 /* Products */ = {
			isa = PBXGroup;
			children = (
				E9CC6C8524360FD200A85495 /* eupraxia.app */,
			);
			name = Products;
			sourceTree = "<group>";
		};
		E9CC6C8724360FD200A85495 /* eupraxia */ = {
			isa = PBXGroup;
			children = (
				E9CC6C9E2436102200A85495 /* models */,
				E9CC6C9D2436101900A85495 /* viewModels */,
				E9CC6C9C2436101000A85495 /* views */,
				E920F173243653F800F27BA3 /* utils */,
				E9CC6C9F2436105A00A85495 /* supportingFiles */,
			);
			path = eupraxia;
			sourceTree = "<group>";
		};
		E9CC6C9024360FD300A85495 /* Preview Content */ = {
			isa = PBXGroup;
			children = (
				E9CC6C9124360FD300A85495 /* Preview Assets.xcassets */,
			);
			path = "Preview Content";
			sourceTree = "<group>";
		};
		E9CC6C9C2436101000A85495 /* views */ = {
			isa = PBXGroup;
			children = (
				E9CC6CA02436113800A85495 /* SurveyView.swift */,
				E97AE2C924372AE200318C2B /* TabBarHomeView.swift */,
				E97AE2CB24372C4100318C2B /* HistoryView.swift */,
			);
			path = views;
			sourceTree = "<group>";
		};
		E9CC6C9D2436101900A85495 /* viewModels */ = {
			isa = PBXGroup;
			children = (
				E920F16F243648A900F27BA3 /* SurveyViewModel.swift */,
			);
			path = viewModels;
			sourceTree = "<group>";
		};
		E9CC6C9E2436102200A85495 /* models */ = {
			isa = PBXGroup;
			children = (
				E920F16924361F3500F27BA3 /* Feeling.swift */,
				E920F16B24361F5B00F27BA3 /* Weather.swift */,
				E920F16D2436200200F27BA3 /* Work.swift */,
				E97AE2C52437230600318C2B /* Survey.swift */,
				E97AE2C224371EA900318C2B /* Model.xcdatamodeld */,
			);
			path = models;
			sourceTree = "<group>";
		};
		E9CC6C9F2436105A00A85495 /* supportingFiles */ = {
			isa = PBXGroup;
			children = (
				E9CC6C8824360FD300A85495 /* AppDelegate.swift */,
				E9CC6C8A24360FD300A85495 /* SceneDelegate.swift */,
				E9CC6C9324360FD300A85495 /* LaunchScreen.storyboard */,
				E9CC6C9624360FD300A85495 /* Info.plist */,
				E9CC6C8E24360FD300A85495 /* Assets.xcassets */,
				E9CC6C9024360FD300A85495 /* Preview Content */,
			);
			path = supportingFiles;
			sourceTree = "<group>";
		};
/* End PBXGroup section */

/* Begin PBXNativeTarget section */
		E9CC6C8424360FD200A85495 /* eupraxia */ = {
			isa = PBXNativeTarget;
			buildConfigurationList = E9CC6C9924360FD300A85495 /* Build configuration list for PBXNativeTarget "eupraxia" */;
			buildPhases = (
				E9CC6C8124360FD200A85495 /* Sources */,
				E9CC6C8224360FD200A85495 /* Frameworks */,
				E9CC6C8324360FD200A85495 /* Resources */,
			);
			buildRules = (
			);
			dependencies = (
			);
			name = eupraxia;
			productName = eupraxia;
			productReference = E9CC6C8524360FD200A85495 /* eupraxia.app */;
			productType = "com.apple.product-type.application";
		};
/* End PBXNativeTarget section */

/* Begin PBXProject section */
		E9CC6C7D24360FD200A85495 /* Project object */ = {
			isa = PBXProject;
			attributes = {
				LastSwiftUpdateCheck = 1140;
				LastUpgradeCheck = 1140;
				ORGANIZATIONNAME = "Thomas Guilleminot";
				TargetAttributes = {
					E9CC6C8424360FD200A85495 = {
						CreatedOnToolsVersion = 11.4;
					};
				};
			};
			buildConfigurationList = E9CC6C8024360FD200A85495 /* Build configuration list for PBXProject "eupraxia" */;
			compatibilityVersion = "Xcode 9.3";
			developmentRegion = en;
			hasScannedForEncodings = 0;
			knownRegions = (
				en,
				Base,
			);
			mainGroup = E9CC6C7C24360FD200A85495;
			productRefGroup = E9CC6C8624360FD200A85495 /* Products */;
			projectDirPath = "";
			projectRoot = "";
			targets = (
				E9CC6C8424360FD200A85495 /* eupraxia */,
			);
		};
/* End PBXProject section */

/* Begin PBXResourcesBuildPhase section */
		E9CC6C8324360FD200A85495 /* Resources */ = {
			isa = PBXResourcesBuildPhase;
			buildActionMask = 2147483647;
			files = (
				E9CC6C9524360FD300A85495 /* LaunchScreen.storyboard in Resources */,
				E9CC6C9224360FD300A85495 /* Preview Assets.xcassets in Resources */,
				E9CC6C8F24360FD300A85495 /* Assets.xcassets in Resources */,
			);
			runOnlyForDeploymentPostprocessing = 0;
		};
/* End PBXResourcesBuildPhase section */

/* Begin PBXSourcesBuildPhase section */
		E9CC6C8124360FD200A85495 /* Sources */ = {
			isa = PBXSourcesBuildPhase;
			buildActionMask = 2147483647;
			files = (
				E920F170243648A900F27BA3 /* SurveyViewModel.swift in Sources */,
				E97AE2CC24372C4100318C2B /* HistoryView.swift in Sources */,
				E97AE2C72437230600318C2B /* Survey.swift in Sources */,
				E9CC6C8924360FD300A85495 /* AppDelegate.swift in Sources */,
				E9CC6C8B24360FD300A85495 /* SceneDelegate.swift in Sources */,
				E920F16E2436200200F27BA3 /* Work.swift in Sources */,
				E920F16A24361F3500F27BA3 /* Feeling.swift in Sources */,
				E9CC6CA12436113800A85495 /* SurveyView.swift in Sources */,
				E97AE2CA24372AE200318C2B /* TabBarHomeView.swift in Sources */,
				E97AE2C424371EA900318C2B /* Model.xcdatamodeld in Sources */,
				E920F1752436544000F27BA3 /* UtilsExtensions.swift in Sources */,
				E920F16C24361F5B00F27BA3 /* Weather.swift in Sources */,
			);
			runOnlyForDeploymentPostprocessing = 0;
		};
/* End PBXSourcesBuildPhase section */

/* Begin PBXVariantGroup section */
		E9CC6C9324360FD300A85495 /* LaunchScreen.storyboard */ = {
			isa = PBXVariantGroup;
			children = (
				E9CC6C9424360FD300A85495 /* Base */,
			);
			name = LaunchScreen.storyboard;
			sourceTree = "<group>";
		};
/* End PBXVariantGroup section */

/* Begin XCBuildConfiguration section */
		E9CC6C9724360FD300A85495 /* Debug */ = {
			isa = XCBuildConfiguration;
			buildSettings = {
				ALWAYS_SEARCH_USER_PATHS = NO;
				CLANG_ANALYZER_NONNULL = YES;
				CLANG_ANALYZER_NUMBER_OBJECT_CONVERSION = YES_AGGRESSIVE;
				CLANG_CXX_LANGUAGE_STANDARD = "gnu++14";
				CLANG_CXX_LIBRARY = "libc++";
				CLANG_ENABLE_MODULES = YES;
				CLANG_ENABLE_OBJC_ARC = YES;
				CLANG_ENABLE_OBJC_WEAK = YES;
				CLANG_WARN_BLOCK_CAPTURE_AUTORELEASING = YES;
				CLANG_WARN_BOOL_CONVERSION = YES;
				CLANG_WARN_COMMA = YES;
				CLANG_WARN_CONSTANT_CONVERSION = YES;
				CLANG_WARN_DEPRECATED_OBJC_IMPLEMENTATIONS = YES;
				CLANG_WARN_DIRECT_OBJC_ISA_USAGE = YES_ERROR;
				CLANG_WARN_DOCUMENTATION_COMMENTS = YES;
				CLANG_WARN_EMPTY_BODY = YES;
				CLANG_WARN_ENUM_CONVERSION = YES;
				CLANG_WARN_INFINITE_RECURSION = YES;
				CLANG_WARN_INT_CONVERSION = YES;
				CLANG_WARN_NON_LITERAL_NULL_CONVERSION = YES;
				CLANG_WARN_OBJC_IMPLICIT_RETAIN_SELF = YES;
				CLANG_WARN_OBJC_LITERAL_CONVERSION = YES;
				CLANG_WARN_OBJC_ROOT_CLASS = YES_ERROR;
				CLANG_WARN_RANGE_LOOP_ANALYSIS = YES;
				CLANG_WARN_STRICT_PROTOTYPES = YES;
				CLANG_WARN_SUSPICIOUS_MOVE = YES;
				CLANG_WARN_UNGUARDED_AVAILABILITY = YES_AGGRESSIVE;
				CLANG_WARN_UNREACHABLE_CODE = YES;
				CLANG_WARN__DUPLICATE_METHOD_MATCH = YES;
				COPY_PHASE_STRIP = NO;
				DEBUG_INFORMATION_FORMAT = dwarf;
				ENABLE_STRICT_OBJC_MSGSEND = YES;
				ENABLE_TESTABILITY = YES;
				GCC_C_LANGUAGE_STANDARD = gnu11;
				GCC_DYNAMIC_NO_PIC = NO;
				GCC_NO_COMMON_BLOCKS = YES;
				GCC_OPTIMIZATION_LEVEL = 0;
				GCC_PREPROCESSOR_DEFINITIONS = (
					"DEBUG=1",
					"$(inherited)",
				);
				GCC_WARN_64_TO_32_BIT_CONVERSION = YES;
				GCC_WARN_ABOUT_RETURN_TYPE = YES_ERROR;
				GCC_WARN_UNDECLARED_SELECTOR = YES;
				GCC_WARN_UNINITIALIZED_AUTOS = YES_AGGRESSIVE;
				GCC_WARN_UNUSED_FUNCTION = YES;
				GCC_WARN_UNUSED_VARIABLE = YES;
				IPHONEOS_DEPLOYMENT_TARGET = 13.4;
				MTL_ENABLE_DEBUG_INFO = INCLUDE_SOURCE;
				MTL_FAST_MATH = YES;
				ONLY_ACTIVE_ARCH = YES;
				SDKROOT = iphoneos;
				SWIFT_ACTIVE_COMPILATION_CONDITIONS = DEBUG;
				SWIFT_OPTIMIZATION_LEVEL = "-Onone";
			};
			name = Debug;
		};
		E9CC6C9824360FD300A85495 /* Release */ = {
			isa = XCBuildConfiguration;
			buildSettings = {
				ALWAYS_SEARCH_USER_PATHS = NO;
				CLANG_ANALYZER_NONNULL = YES;
				CLANG_ANALYZER_NUMBER_OBJECT_CONVERSION = YES_AGGRESSIVE;
				CLANG_CXX_LANGUAGE_STANDARD = "gnu++14";
				CLANG_CXX_LIBRARY = "libc++";
				CLANG_ENABLE_MODULES = YES;
				CLANG_ENABLE_OBJC_ARC = YES;
				CLANG_ENABLE_OBJC_WEAK = YES;
				CLANG_WARN_BLOCK_CAPTURE_AUTORELEASING = YES;
				CLANG_WARN_BOOL_CONVERSION = YES;
				CLANG_WARN_COMMA = YES;
				CLANG_WARN_CONSTANT_CONVERSION = YES;
				CLANG_WARN_DEPRECATED_OBJC_IMPLEMENTATIONS = YES;
				CLANG_WARN_DIRECT_OBJC_ISA_USAGE = YES_ERROR;
				CLANG_WARN_DOCUMENTATION_COMMENTS = YES;
				CLANG_WARN_EMPTY_BODY = YES;
				CLANG_WARN_ENUM_CONVERSION = YES;
				CLANG_WARN_INFINITE_RECURSION = YES;
				CLANG_WARN_INT_CONVERSION = YES;
				CLANG_WARN_NON_LITERAL_NULL_CONVERSION = YES;
				CLANG_WARN_OBJC_IMPLICIT_RETAIN_SELF = YES;
				CLANG_WARN_OBJC_LITERAL_CONVERSION = YES;
				CLANG_WARN_OBJC_ROOT_CLASS = YES_ERROR;
				CLANG_WARN_RANGE_LOOP_ANALYSIS = YES;
				CLANG_WARN_STRICT_PROTOTYPES = YES;
				CLANG_WARN_SUSPICIOUS_MOVE = YES;
				CLANG_WARN_UNGUARDED_AVAILABILITY = YES_AGGRESSIVE;
				CLANG_WARN_UNREACHABLE_CODE = YES;
				CLANG_WARN__DUPLICATE_METHOD_MATCH = YES;
				COPY_PHASE_STRIP = NO;
				DEBUG_INFORMATION_FORMAT = "dwarf-with-dsym";
				ENABLE_NS_ASSERTIONS = NO;
				ENABLE_STRICT_OBJC_MSGSEND = YES;
				GCC_C_LANGUAGE_STANDARD = gnu11;
				GCC_NO_COMMON_BLOCKS = YES;
				GCC_WARN_64_TO_32_BIT_CONVERSION = YES;
				GCC_WARN_ABOUT_RETURN_TYPE = YES_ERROR;
				GCC_WARN_UNDECLARED_SELECTOR = YES;
				GCC_WARN_UNINITIALIZED_AUTOS = YES_AGGRESSIVE;
				GCC_WARN_UNUSED_FUNCTION = YES;
				GCC_WARN_UNUSED_VARIABLE = YES;
				IPHONEOS_DEPLOYMENT_TARGET = 13.4;
				MTL_ENABLE_DEBUG_INFO = NO;
				MTL_FAST_MATH = YES;
				SDKROOT = iphoneos;
				SWIFT_COMPILATION_MODE = wholemodule;
				SWIFT_OPTIMIZATION_LEVEL = "-O";
				VALIDATE_PRODUCT = YES;
			};
			name = Release;
		};
		E9CC6C9A24360FD300A85495 /* Debug */ = {
			isa = XCBuildConfiguration;
			buildSettings = {
				ASSETCATALOG_COMPILER_APPICON_NAME = AppIcon;
				CODE_SIGN_STYLE = Automatic;
				DEVELOPMENT_ASSET_PATHS = "\"eupraxia/supportingFiles/Preview Content\"";
				DEVELOPMENT_TEAM = XDX42S5M9N;
				ENABLE_PREVIEWS = YES;
				INFOPLIST_FILE = eupraxia/supportingFiles/Info.plist;
				LD_RUNPATH_SEARCH_PATHS = (
					"$(inherited)",
					"@executable_path/Frameworks",
				);
				PRODUCT_BUNDLE_IDENTIFIER = com.zlatan.eupraxia;
				PRODUCT_NAME = "$(TARGET_NAME)";
				SWIFT_VERSION = 5.0;
				TARGETED_DEVICE_FAMILY = "1,2";
			};
			name = Debug;
		};
		E9CC6C9B24360FD300A85495 /* Release */ = {
			isa = XCBuildConfiguration;
			buildSettings = {
				ASSETCATALOG_COMPILER_APPICON_NAME = AppIcon;
				CODE_SIGN_STYLE = Automatic;
				DEVELOPMENT_ASSET_PATHS = "\"eupraxia/supportingFiles/Preview Content\"";
				DEVELOPMENT_TEAM = XDX42S5M9N;
				ENABLE_PREVIEWS = YES;
				INFOPLIST_FILE = eupraxia/supportingFiles/Info.plist;
				LD_RUNPATH_SEARCH_PATHS = (
					"$(inherited)",
					"@executable_path/Frameworks",
				);
				PRODUCT_BUNDLE_IDENTIFIER = com.zlatan.eupraxia;
				PRODUCT_NAME = "$(TARGET_NAME)";
				SWIFT_VERSION = 5.0;
				TARGETED_DEVICE_FAMILY = "1,2";
			};
			name = Release;
		};
/* End XCBuildConfiguration section */

/* Begin XCConfigurationList section */
		E9CC6C8024360FD200A85495 /* Build configuration list for PBXProject "eupraxia" */ = {
			isa = XCConfigurationList;
			buildConfigurations = (
				E9CC6C9724360FD300A85495 /* Debug */,
				E9CC6C9824360FD300A85495 /* Release */,
			);
			defaultConfigurationIsVisible = 0;
			defaultConfigurationName = Release;
		};
		E9CC6C9924360FD300A85495 /* Build configuration list for PBXNativeTarget "eupraxia" */ = {
			isa = XCConfigurationList;
			buildConfigurations = (
				E9CC6C9A24360FD300A85495 /* Debug */,
				E9CC6C9B24360FD300A85495 /* Release */,
			);
			defaultConfigurationIsVisible = 0;
			defaultConfigurationName = Release;
		};
/* End XCConfigurationList section */

/* Begin XCVersionGroup section */
		E97AE2C224371EA900318C2B /* Model.xcdatamodeld */ = {
			isa = XCVersionGroup;
			children = (
				E97AE2C324371EA900318C2B /* Model.xcdatamodel */,
			);
			currentVersion = E97AE2C324371EA900318C2B /* Model.xcdatamodel */;
			path = Model.xcdatamodeld;
			sourceTree = "<group>";
			versionGroupType = wrapper.xcdatamodel;
		};
/* End XCVersionGroup section */
	};
	rootObject = E9CC6C7D24360FD200A85495 /* Project object */;
}
